
Microsoft Visual Studio Solution File, Format Version 12.00
# Visual Studio Version 17
VisualStudioVersion = 17.7.34221.43
MinimumVisualStudioVersion = 10.0.40219.1
Project("{2150E333-8FDC-42A3-9474-1A3956D46DE8}") = "01 - UI", "01 - UI", "{D972D123-4B5A-4400-830D-7F83024F48F4}"
EndProject
Project("{2150E333-8FDC-42A3-9474-1A3956D46DE8}") = "02 - Application", "02 - Application", "{F444D44B-7D67-41A5-AC2E-41B2CDAB8D58}"
EndProject
Project("{2150E333-8FDC-42A3-9474-1A3956D46DE8}") = "03 - Domain", "03 - Domain", "{3D6C9FFB-3794-4160-A526-01F994C1A5AA}"
EndProject
Project("{2150E333-8FDC-42A3-9474-1A3956D46DE8}") = "04 - Infra", "04 - Infra", "{94BF6F63-F2FC-4560-BFB1-F51A79263F2B}"
EndProject
Project("{2150E333-8FDC-42A3-9474-1A3956D46DE8}") = "4.1 - Data", "4.1 - Data", "{4E65DE4A-4176-49B5-ABE8-5D76776D4EBE}"
EndProject
Project("{2150E333-8FDC-42A3-9474-1A3956D46DE8}") = "4.2 - CrossCuting", "4.2 - CrossCuting", "{F77E2059-7ED7-408D-B47A-3EDF0D28C041}"
EndProject
Project("{2150E333-8FDC-42A3-9474-1A3956D46DE8}") = "05 - IoC", "05 - IoC", "{8E588DFF-2E96-4837-A34F-9D56F55A74B1}"
EndProject
Project("{FAE04EC0-301F-11D3-BF4B-00C04F79EFBC}") = "ModeloDDD.Domain", "ModeloDDD.Domain\ModeloDDD.Domain.csproj", "{222D64E0-5B1B-44EC-AFAC-4877E74D7339}"
EndProject
Project("{FAE04EC0-301F-11D3-BF4B-00C04F79EFBC}") = "ModeloDDD.Infra.Data", "ModeloDDD.Infra.Data\ModeloDDD.Infra.Data.csproj", "{0DDAD09E-92C8-4058-9311-365938CEFE6B}"
EndProject
Project("{FAE04EC0-301F-11D3-BF4B-00C04F79EFBC}") = "ModeloDDD.Infra.CrossCuting", "ModeloDDD.Infra.CrossCuting\ModeloDDD.Infra.CrossCuting.csproj", "{BE442226-9D6B-4D52-B369-D7192B2B2428}"
EndProject
Project("{FAE04EC0-301F-11D3-BF4B-00C04F79EFBC}") = "ModeloDDD.IoC", "ModeloDDD.IoC\ModeloDDD.IoC.csproj", "{FEBAEB90-2D5A-4361-8853-EB091205BC96}"
EndProject
Project("{FAE04EC0-301F-11D3-BF4B-00C04F79EFBC}") = "ModeloDDD.Application", "ModeloDDD.Application\ModeloDDD.Application.csproj", "{CF5D4A69-1E0F-46F9-AF89-3BA3E32031A0}"
EndProject
Project("{FAE04EC0-301F-11D3-BF4B-00C04F79EFBC}") = "ModeloDDD.UI", "ModeloDDD.UI\ModeloDDD.UI.csproj", "{4E2F8F0A-A64E-4923-9E30-5E367C4906A7}"
EndProject
Global
	GlobalSection(SolutionConfigurationPlatforms) = preSolution
		Debug|Any CPU = Debug|Any CPU
		Release|Any CPU = Release|Any CPU
	EndGlobalSection
	GlobalSection(ProjectConfigurationPlatforms) = postSolution
		{222D64E0-5B1B-44EC-AFAC-4877E74D7339}.Debug|Any CPU.ActiveCfg = Debug|Any CPU
		{222D64E0-5B1B-44EC-AFAC-4877E74D7339}.Debug|Any CPU.Build.0 = Debug|Any CPU
		{222D64E0-5B1B-44EC-AFAC-4877E74D7339}.Release|Any CPU.ActiveCfg = Release|Any CPU
		{222D64E0-5B1B-44EC-AFAC-4877E74D7339}.Release|Any CPU.Build.0 = Release|Any CPU
		{0DDAD09E-92C8-4058-9311-365938CEFE6B}.Debug|Any CPU.ActiveCfg = Debug|Any CPU
		{0DDAD09E-92C8-4058-9311-365938CEFE6B}.Debug|Any CPU.Build.0 = Debug|Any CPU
		{0DDAD09E-92C8-4058-9311-365938CEFE6B}.Release|Any CPU.ActiveCfg = Release|Any CPU
		{0DDAD09E-92C8-4058-9311-365938CEFE6B}.Release|Any CPU.Build.0 = Release|Any CPU
		{BE442226-9D6B-4D52-B369-D7192B2B2428}.Debug|Any CPU.ActiveCfg = Debug|Any CPU
		{BE442226-9D6B-4D52-B369-D7192B2B2428}.Debug|Any CPU.Build.0 = Debug|Any CPU
		{BE442226-9D6B-4D52-B369-D7192B2B2428}.Release|Any CPU.ActiveCfg = Release|Any CPU
		{BE442226-9D6B-4D52-B369-D7192B2B2428}.Release|Any CPU.Build.0 = Release|Any CPU
		{FEBAEB90-2D5A-4361-8853-EB091205BC96}.Debug|Any CPU.ActiveCfg = Debug|Any CPU
		{FEBAEB90-2D5A-4361-8853-EB091205BC96}.Debug|Any CPU.Build.0 = Debug|Any CPU
		{FEBAEB90-2D5A-4361-8853-EB091205BC96}.Release|Any CPU.ActiveCfg = Release|Any CPU
		{FEBAEB90-2D5A-4361-8853-EB091205BC96}.Release|Any CPU.Build.0 = Release|Any CPU
		{CF5D4A69-1E0F-46F9-AF89-3BA3E32031A0}.Debug|Any CPU.ActiveCfg = Debug|Any CPU
		{CF5D4A69-1E0F-46F9-AF89-3BA3E32031A0}.Debug|Any CPU.Build.0 = Debug|Any CPU
		{CF5D4A69-1E0F-46F9-AF89-3BA3E32031A0}.Release|Any CPU.ActiveCfg = Release|Any CPU
		{CF5D4A69-1E0F-46F9-AF89-3BA3E32031A0}.Release|Any CPU.Build.0 = Release|Any CPU
		{4E2F8F0A-A64E-4923-9E30-5E367C4906A7}.Debug|Any CPU.ActiveCfg = Debug|Any CPU
		{4E2F8F0A-A64E-4923-9E30-5E367C4906A7}.Debug|Any CPU.Build.0 = Debug|Any CPU
		{4E2F8F0A-A64E-4923-9E30-5E367C4906A7}.Release|Any CPU.ActiveCfg = Release|Any CPU
		{4E2F8F0A-A64E-4923-9E30-5E367C4906A7}.Release|Any CPU.Build.0 = Release|Any CPU
	EndGlobalSection
	GlobalSection(SolutionProperties) = preSolution
		HideSolutionNode = FALSE
	EndGlobalSection
	GlobalSection(NestedProjects) = preSolution
		{4E65DE4A-4176-49B5-ABE8-5D76776D4EBE} = {94BF6F63-F2FC-4560-BFB1-F51A79263F2B}
		{F77E2059-7ED7-408D-B47A-3EDF0D28C041} = {94BF6F63-F2FC-4560-BFB1-F51A79263F2B}
		{222D64E0-5B1B-44EC-AFAC-4877E74D7339} = {3D6C9FFB-3794-4160-A526-01F994C1A5AA}
		{0DDAD09E-92C8-4058-9311-365938CEFE6B} = {4E65DE4A-4176-49B5-ABE8-5D76776D4EBE}
		{BE442226-9D6B-4D52-B369-D7192B2B2428} = {F77E2059-7ED7-408D-B47A-3EDF0D28C041}
		{FEBAEB90-2D5A-4361-8853-EB091205BC96} = {8E588DFF-2E96-4837-A34F-9D56F55A74B1}
		{CF5D4A69-1E0F-46F9-AF89-3BA3E32031A0} = {F444D44B-7D67-41A5-AC2E-41B2CDAB8D58}
		{4E2F8F0A-A64E-4923-9E30-5E367C4906A7} = {D972D123-4B5A-4400-830D-7F83024F48F4}
	EndGlobalSection
	GlobalSection(ExtensibilityGlobals) = postSolution
		SolutionGuid = {0BB5AF93-13B7-4CC0-947C-9DD90058A404}
	EndGlobalSection
EndGlobal
